// !$*UTF8*$!
{
	archiveVersion = 1;
	classes = {
	};
	objectVersion = 55;
	objects = {

/* Begin PBXBuildFile section */
		C9D9435827BB7CBE007EE79F /* AppDelegate.swift in Sources */ = {isa = PBXBuildFile; fileRef = C9D9435727BB7CBE007EE79F /* AppDelegate.swift */; };
		C9D9435A27BB7CBE007EE79F /* SceneDelegate.swift in Sources */ = {isa = PBXBuildFile; fileRef = C9D9435927BB7CBE007EE79F /* SceneDelegate.swift */; };
		C9D9435C27BB7CBE007EE79F /* ViewController.swift in Sources */ = {isa = PBXBuildFile; fileRef = C9D9435B27BB7CBE007EE79F /* ViewController.swift */; };
		C9D9435F27BB7CBE007EE79F /* Main.storyboard in Resources */ = {isa = PBXBuildFile; fileRef = C9D9435D27BB7CBE007EE79F /* Main.storyboard */; };
		C9D9436127BB7CBF007EE79F /* Assets.xcassets in Resources */ = {isa = PBXBuildFile; fileRef = C9D9436027BB7CBF007EE79F /* Assets.xcassets */; };
		C9D9436427BB7CBF007EE79F /* LaunchScreen.storyboard in Resources */ = {isa = PBXBuildFile; fileRef = C9D9436227BB7CBF007EE79F /* LaunchScreen.storyboard */; };
		C9D9436D27BBD52A007EE79F /* APIConfigurationDTO.swift in Sources */ = {isa = PBXBuildFile; fileRef = C9D9436C27BBD52A007EE79F /* APIConfigurationDTO.swift */; };
		C9D9436F27BBF488007EE79F /* MovieListDTO.swift in Sources */ = {isa = PBXBuildFile; fileRef = C9D9436E27BBF488007EE79F /* MovieListDTO.swift */; };
		C9D9437127BCDB0E007EE79F /* MovieDetailDTO.swift in Sources */ = {isa = PBXBuildFile; fileRef = C9D9437027BCDB0E007EE79F /* MovieDetailDTO.swift */; };
		C9D9437327BD0F93007EE79F /* ParticipantsDTO.swift in Sources */ = {isa = PBXBuildFile; fileRef = C9D9437227BD0F93007EE79F /* ParticipantsDTO.swift */; };
		C9D9437727BD5A39007EE79F /* MovieSearchRequestDTO.swift in Sources */ = {isa = PBXBuildFile; fileRef = C9D9437627BD5A39007EE79F /* MovieSearchRequestDTO.swift */; };
		C9D9437927BD7854007EE79F /* NowPlayingMovieRequestDTO.swift in Sources */ = {isa = PBXBuildFile; fileRef = C9D9437827BD7854007EE79F /* NowPlayingMovieRequestDTO.swift */; };
		C9D9437B27BD7A95007EE79F /* MovieDetailRequestDTO.swift in Sources */ = {isa = PBXBuildFile; fileRef = C9D9437A27BD7A95007EE79F /* MovieDetailRequestDTO.swift */; };
		C9D943BF27C24DDF007EE79F /* MovieList.swift in Sources */ = {isa = PBXBuildFile; fileRef = C9D943BE27C24DDF007EE79F /* MovieList.swift */; };
		C9D943C127C29402007EE79F /* MovieDetail.swift in Sources */ = {isa = PBXBuildFile; fileRef = C9D943C027C29402007EE79F /* MovieDetail.swift */; };
/* End PBXBuildFile section */

/* Begin PBXFileReference section */
		C9D9435427BB7CBE007EE79F /* Movin.app */ = {isa = PBXFileReference; explicitFileType = wrapper.application; includeInIndex = 0; path = Movin.app; sourceTree = BUILT_PRODUCTS_DIR; };
		C9D9435727BB7CBE007EE79F /* AppDelegate.swift */ = {isa = PBXFileReference; lastKnownFileType = sourcecode.swift; path = AppDelegate.swift; sourceTree = "<group>"; };
		C9D9435927BB7CBE007EE79F /* SceneDelegate.swift */ = {isa = PBXFileReference; lastKnownFileType = sourcecode.swift; path = SceneDelegate.swift; sourceTree = "<group>"; };
		C9D9435B27BB7CBE007EE79F /* ViewController.swift */ = {isa = PBXFileReference; lastKnownFileType = sourcecode.swift; path = ViewController.swift; sourceTree = "<group>"; };
		C9D9435E27BB7CBE007EE79F /* Base */ = {isa = PBXFileReference; lastKnownFileType = file.storyboard; name = Base; path = Base.lproj/Main.storyboard; sourceTree = "<group>"; };
		C9D9436027BB7CBF007EE79F /* Assets.xcassets */ = {isa = PBXFileReference; lastKnownFileType = folder.assetcatalog; path = Assets.xcassets; sourceTree = "<group>"; };
		C9D9436327BB7CBF007EE79F /* Base */ = {isa = PBXFileReference; lastKnownFileType = file.storyboard; name = Base; path = Base.lproj/LaunchScreen.storyboard; sourceTree = "<group>"; };
		C9D9436527BB7CBF007EE79F /* Info.plist */ = {isa = PBXFileReference; lastKnownFileType = text.plist.xml; path = Info.plist; sourceTree = "<group>"; };
		C9D9436C27BBD52A007EE79F /* APIConfigurationDTO.swift */ = {isa = PBXFileReference; lastKnownFileType = sourcecode.swift; path = APIConfigurationDTO.swift; sourceTree = "<group>"; };
		C9D9436E27BBF488007EE79F /* MovieListDTO.swift */ = {isa = PBXFileReference; lastKnownFileType = sourcecode.swift; path = MovieListDTO.swift; sourceTree = "<group>"; };
		C9D9437027BCDB0E007EE79F /* MovieDetailDTO.swift */ = {isa = PBXFileReference; lastKnownFileType = sourcecode.swift; path = MovieDetailDTO.swift; sourceTree = "<group>"; };
		C9D9437227BD0F93007EE79F /* ParticipantsDTO.swift */ = {isa = PBXFileReference; lastKnownFileType = sourcecode.swift; path = ParticipantsDTO.swift; sourceTree = "<group>"; };
		C9D9437627BD5A39007EE79F /* MovieSearchRequestDTO.swift */ = {isa = PBXFileReference; lastKnownFileType = sourcecode.swift; path = MovieSearchRequestDTO.swift; sourceTree = "<group>"; };
		C9D9437827BD7854007EE79F /* NowPlayingMovieRequestDTO.swift */ = {isa = PBXFileReference; lastKnownFileType = sourcecode.swift; path = NowPlayingMovieRequestDTO.swift; sourceTree = "<group>"; };
		C9D9437A27BD7A95007EE79F /* MovieDetailRequestDTO.swift */ = {isa = PBXFileReference; lastKnownFileType = sourcecode.swift; path = MovieDetailRequestDTO.swift; sourceTree = "<group>"; };
		C9D943BE27C24DDF007EE79F /* MovieList.swift */ = {isa = PBXFileReference; lastKnownFileType = sourcecode.swift; path = MovieList.swift; sourceTree = "<group>"; };
		C9D943C027C29402007EE79F /* MovieDetail.swift */ = {isa = PBXFileReference; lastKnownFileType = sourcecode.swift; path = MovieDetail.swift; sourceTree = "<group>"; };
/* End PBXFileReference section */

/* Begin PBXFrameworksBuildPhase section */
		C9D9435127BB7CBE007EE79F /* Frameworks */ = {
			isa = PBXFrameworksBuildPhase;
			buildActionMask = 2147483647;
			files = (
			);
			runOnlyForDeploymentPostprocessing = 0;
		};
/* End PBXFrameworksBuildPhase section */

/* Begin PBXGroup section */
		C9D9434B27BB7CBE007EE79F = {
			isa = PBXGroup;
			children = (
				C9D9435627BB7CBE007EE79F /* Movin */,
				C9D9435527BB7CBE007EE79F /* Products */,
			);
			sourceTree = "<group>";
		};
		C9D9435527BB7CBE007EE79F /* Products */ = {
			isa = PBXGroup;
			children = (
				C9D9435427BB7CBE007EE79F /* Movin.app */,
			);
			name = Products;
			sourceTree = "<group>";
		};
		C9D9435627BB7CBE007EE79F /* Movin */ = {
			isa = PBXGroup;
			children = (
				C9D943BC27C24CFA007EE79F /* Domain */,
				C9D9436B27BBD499007EE79F /* Model */,
				C9D9435727BB7CBE007EE79F /* AppDelegate.swift */,
				C9D9435927BB7CBE007EE79F /* SceneDelegate.swift */,
				C9D9435B27BB7CBE007EE79F /* ViewController.swift */,
				C9D9435D27BB7CBE007EE79F /* Main.storyboard */,
				C9D9436027BB7CBF007EE79F /* Assets.xcassets */,
				C9D9436227BB7CBF007EE79F /* LaunchScreen.storyboard */,
				C9D9436527BB7CBF007EE79F /* Info.plist */,
			);
			path = Movin;
			sourceTree = "<group>";
		};
		C9D9436B27BBD499007EE79F /* Model */ = {
			isa = PBXGroup;
			children = (
				C9D9437527BD59D2007EE79F /* RequestDTO */,
				C9D9437427BD1D94007EE79F /* ResponseDTO */,
			);
			path = Model;
			sourceTree = "<group>";
		};
		C9D9437427BD1D94007EE79F /* ResponseDTO */ = {
			isa = PBXGroup;
			children = (
				C9D9436C27BBD52A007EE79F /* APIConfigurationDTO.swift */,
				C9D9436E27BBF488007EE79F /* MovieListDTO.swift */,
				C9D9437027BCDB0E007EE79F /* MovieDetailDTO.swift */,
				C9D9437227BD0F93007EE79F /* ParticipantsDTO.swift */,
			);
			path = ResponseDTO;
			sourceTree = "<group>";
		};
		C9D9437527BD59D2007EE79F /* RequestDTO */ = {
			isa = PBXGroup;
			children = (
				C9D9437827BD7854007EE79F /* NowPlayingMovieRequestDTO.swift */,
				C9D9437A27BD7A95007EE79F /* MovieDetailRequestDTO.swift */,
				C9D9437627BD5A39007EE79F /* MovieSearchRequestDTO.swift */,
			);
			path = RequestDTO;
			sourceTree = "<group>";
		};
		C9D943BC27C24CFA007EE79F /* Domain */ = {
			isa = PBXGroup;
			children = (
				C9D943BD27C24CFF007EE79F /* ResponseEntity */,
			);
			path = Domain;
			sourceTree = "<group>";
		};
		C9D943BD27C24CFF007EE79F /* ResponseEntity */ = {
			isa = PBXGroup;
			children = (
				C9D943BE27C24DDF007EE79F /* MovieList.swift */,
				C9D943C027C29402007EE79F /* MovieDetail.swift */,
			);
			path = ResponseEntity;
			sourceTree = "<group>";
		};
/* End PBXGroup section */

/* Begin PBXNativeTarget section */
		C9D9435327BB7CBE007EE79F /* Movin */ = {
			isa = PBXNativeTarget;
			buildConfigurationList = C9D9436827BB7CBF007EE79F /* Build configuration list for PBXNativeTarget "Movin" */;
			buildPhases = (
				C9D9435027BB7CBE007EE79F /* Sources */,
				C9D9435127BB7CBE007EE79F /* Frameworks */,
				C9D9435227BB7CBE007EE79F /* Resources */,
			);
			buildRules = (
			);
			dependencies = (
			);
			name = Movin;
			productName = Movin;
			productReference = C9D9435427BB7CBE007EE79F /* Movin.app */;
			productType = "com.apple.product-type.application";
		};
/* End PBXNativeTarget section */

/* Begin PBXProject section */
		C9D9434C27BB7CBE007EE79F /* Project object */ = {
			isa = PBXProject;
			attributes = {
				BuildIndependentTargetsInParallel = 1;
				LastSwiftUpdateCheck = 1320;
				LastUpgradeCheck = 1320;
				TargetAttributes = {
					C9D9435327BB7CBE007EE79F = {
						CreatedOnToolsVersion = 13.2.1;
					};
				};
			};
			buildConfigurationList = C9D9434F27BB7CBE007EE79F /* Build configuration list for PBXProject "Movin" */;
			compatibilityVersion = "Xcode 13.0";
			developmentRegion = en;
			hasScannedForEncodings = 0;
			knownRegions = (
				en,
				Base,
			);
			mainGroup = C9D9434B27BB7CBE007EE79F;
			productRefGroup = C9D9435527BB7CBE007EE79F /* Products */;
			projectDirPath = "";
			projectRoot = "";
			targets = (
				C9D9435327BB7CBE007EE79F /* Movin */,
			);
		};
/* End PBXProject section */

/* Begin PBXResourcesBuildPhase section */
		C9D9435227BB7CBE007EE79F /* Resources */ = {
			isa = PBXResourcesBuildPhase;
			buildActionMask = 2147483647;
			files = (
				C9D9436427BB7CBF007EE79F /* LaunchScreen.storyboard in Resources */,
				C9D9436127BB7CBF007EE79F /* Assets.xcassets in Resources */,
				C9D9435F27BB7CBE007EE79F /* Main.storyboard in Resources */,
			);
			runOnlyForDeploymentPostprocessing = 0;
		};
/* End PBXResourcesBuildPhase section */

/* Begin PBXSourcesBuildPhase section */
		C9D9435027BB7CBE007EE79F /* Sources */ = {
			isa = PBXSourcesBuildPhase;
			buildActionMask = 2147483647;
			files = (
				C9D9435C27BB7CBE007EE79F /* ViewController.swift in Sources */,
				C9D9435827BB7CBE007EE79F /* AppDelegate.swift in Sources */,
				C9D9437327BD0F93007EE79F /* ParticipantsDTO.swift in Sources */,
				C9D943C127C29402007EE79F /* MovieDetail.swift in Sources */,
				C9D9435A27BB7CBE007EE79F /* SceneDelegate.swift in Sources */,
				C9D9437927BD7854007EE79F /* NowPlayingMovieRequestDTO.swift in Sources */,
				C9D943BF27C24DDF007EE79F /* MovieList.swift in Sources */,
				C9D9437127BCDB0E007EE79F /* MovieDetailDTO.swift in Sources */,
				C9D9436F27BBF488007EE79F /* MovieListDTO.swift in Sources */,
				C9D9437B27BD7A95007EE79F /* MovieDetailRequestDTO.swift in Sources */,
				C9D9436D27BBD52A007EE79F /* APIConfigurationDTO.swift in Sources */,
				C9D9437727BD5A39007EE79F /* MovieSearchRequestDTO.swift in Sources */,
			);
			runOnlyForDeploymentPostprocessing = 0;
		};
/* End PBXSourcesBuildPhase section */

/* Begin PBXVariantGroup section */
		C9D9435D27BB7CBE007EE79F /* Main.storyboard */ = {
			isa = PBXVariantGroup;
			children = (
				C9D9435E27BB7CBE007EE79F /* Base */,
			);
			name = Main.storyboard;
			sourceTree = "<group>";
		};
		C9D9436227BB7CBF007EE79F /* LaunchScreen.storyboard */ = {
			isa = PBXVariantGroup;
			children = (
				C9D9436327BB7CBF007EE79F /* Base */,
			);
			name = LaunchScreen.storyboard;
			sourceTree = "<group>";
		};
/* End PBXVariantGroup section */

/* Begin XCBuildConfiguration section */
		C9D9436627BB7CBF007EE79F /* Debug */ = {
			isa = XCBuildConfiguration;
			buildSettings = {
				ALWAYS_SEARCH_USER_PATHS = NO;
				CLANG_ANALYZER_NONNULL = YES;
				CLANG_ANALYZER_NUMBER_OBJECT_CONVERSION = YES_AGGRESSIVE;
				CLANG_CXX_LANGUAGE_STANDARD = "gnu++17";
				CLANG_CXX_LIBRARY = "libc++";
				CLANG_ENABLE_MODULES = YES;
				CLANG_ENABLE_OBJC_ARC = YES;
				CLANG_ENABLE_OBJC_WEAK = YES;
				CLANG_WARN_BLOCK_CAPTURE_AUTORELEASING = YES;
				CLANG_WARN_BOOL_CONVERSION = YES;
				CLANG_WARN_COMMA = YES;
				CLANG_WARN_CONSTANT_CONVERSION = YES;
				CLANG_WARN_DEPRECATED_OBJC_IMPLEMENTATIONS = YES;
				CLANG_WARN_DIRECT_OBJC_ISA_USAGE = YES_ERROR;
				CLANG_WARN_DOCUMENTATION_COMMENTS = YES;
				CLANG_WARN_EMPTY_BODY = YES;
				CLANG_WARN_ENUM_CONVERSION = YES;
				CLANG_WARN_INFINITE_RECURSION = YES;
				CLANG_WARN_INT_CONVERSION = YES;
				CLANG_WARN_NON_LITERAL_NULL_CONVERSION = YES;
				CLANG_WARN_OBJC_IMPLICIT_RETAIN_SELF = YES;
				CLANG_WARN_OBJC_LITERAL_CONVERSION = YES;
				CLANG_WARN_OBJC_ROOT_CLASS = YES_ERROR;
				CLANG_WARN_QUOTED_INCLUDE_IN_FRAMEWORK_HEADER = YES;
				CLANG_WARN_RANGE_LOOP_ANALYSIS = YES;
				CLANG_WARN_STRICT_PROTOTYPES = YES;
				CLANG_WARN_SUSPICIOUS_MOVE = YES;
				CLANG_WARN_UNGUARDED_AVAILABILITY = YES_AGGRESSIVE;
				CLANG_WARN_UNREACHABLE_CODE = YES;
				CLANG_WARN__DUPLICATE_METHOD_MATCH = YES;
				COPY_PHASE_STRIP = NO;
				DEBUG_INFORMATION_FORMAT = dwarf;
				ENABLE_STRICT_OBJC_MSGSEND = YES;
				ENABLE_TESTABILITY = YES;
				GCC_C_LANGUAGE_STANDARD = gnu11;
				GCC_DYNAMIC_NO_PIC = NO;
				GCC_NO_COMMON_BLOCKS = YES;
				GCC_OPTIMIZATION_LEVEL = 0;
				GCC_PREPROCESSOR_DEFINITIONS = (
					"DEBUG=1",
					"$(inherited)",
				);
				GCC_WARN_64_TO_32_BIT_CONVERSION = YES;
				GCC_WARN_ABOUT_RETURN_TYPE = YES_ERROR;
				GCC_WARN_UNDECLARED_SELECTOR = YES;
				GCC_WARN_UNINITIALIZED_AUTOS = YES_AGGRESSIVE;
				GCC_WARN_UNUSED_FUNCTION = YES;
				GCC_WARN_UNUSED_VARIABLE = YES;
				IPHONEOS_DEPLOYMENT_TARGET = 15.2;
				MTL_ENABLE_DEBUG_INFO = INCLUDE_SOURCE;
				MTL_FAST_MATH = YES;
				ONLY_ACTIVE_ARCH = YES;
				SDKROOT = iphoneos;
				SWIFT_ACTIVE_COMPILATION_CONDITIONS = DEBUG;
				SWIFT_OPTIMIZATION_LEVEL = "-Onone";
			};
			name = Debug;
		};
		C9D9436727BB7CBF007EE79F /* Release */ = {
			isa = XCBuildConfiguration;
			buildSettings = {
				ALWAYS_SEARCH_USER_PATHS = NO;
				CLANG_ANALYZER_NONNULL = YES;
				CLANG_ANALYZER_NUMBER_OBJECT_CONVERSION = YES_AGGRESSIVE;
				CLANG_CXX_LANGUAGE_STANDARD = "gnu++17";
				CLANG_CXX_LIBRARY = "libc++";
				CLANG_ENABLE_MODULES = YES;
				CLANG_ENABLE_OBJC_ARC = YES;
				CLANG_ENABLE_OBJC_WEAK = YES;
				CLANG_WARN_BLOCK_CAPTURE_AUTORELEASING = YES;
				CLANG_WARN_BOOL_CONVERSION = YES;
				CLANG_WARN_COMMA = YES;
				CLANG_WARN_CONSTANT_CONVERSION = YES;
				CLANG_WARN_DEPRECATED_OBJC_IMPLEMENTATIONS = YES;
				CLANG_WARN_DIRECT_OBJC_ISA_USAGE = YES_ERROR;
				CLANG_WARN_DOCUMENTATION_COMMENTS = YES;
				CLANG_WARN_EMPTY_BODY = YES;
				CLANG_WARN_ENUM_CONVERSION = YES;
				CLANG_WARN_INFINITE_RECURSION = YES;
				CLANG_WARN_INT_CONVERSION = YES;
				CLANG_WARN_NON_LITERAL_NULL_CONVERSION = YES;
				CLANG_WARN_OBJC_IMPLICIT_RETAIN_SELF = YES;
				CLANG_WARN_OBJC_LITERAL_CONVERSION = YES;
				CLANG_WARN_OBJC_ROOT_CLASS = YES_ERROR;
				CLANG_WARN_QUOTED_INCLUDE_IN_FRAMEWORK_HEADER = YES;
				CLANG_WARN_RANGE_LOOP_ANALYSIS = YES;
				CLANG_WARN_STRICT_PROTOTYPES = YES;
				CLANG_WARN_SUSPICIOUS_MOVE = YES;
				CLANG_WARN_UNGUARDED_AVAILABILITY = YES_AGGRESSIVE;
				CLANG_WARN_UNREACHABLE_CODE = YES;
				CLANG_WARN__DUPLICATE_METHOD_MATCH = YES;
				COPY_PHASE_STRIP = NO;
				DEBUG_INFORMATION_FORMAT = "dwarf-with-dsym";
				ENABLE_NS_ASSERTIONS = NO;
				ENABLE_STRICT_OBJC_MSGSEND = YES;
				GCC_C_LANGUAGE_STANDARD = gnu11;
				GCC_NO_COMMON_BLOCKS = YES;
				GCC_WARN_64_TO_32_BIT_CONVERSION = YES;
				GCC_WARN_ABOUT_RETURN_TYPE = YES_ERROR;
				GCC_WARN_UNDECLARED_SELECTOR = YES;
				GCC_WARN_UNINITIALIZED_AUTOS = YES_AGGRESSIVE;
				GCC_WARN_UNUSED_FUNCTION = YES;
				GCC_WARN_UNUSED_VARIABLE = YES;
				IPHONEOS_DEPLOYMENT_TARGET = 15.2;
				MTL_ENABLE_DEBUG_INFO = NO;
				MTL_FAST_MATH = YES;
				SDKROOT = iphoneos;
				SWIFT_COMPILATION_MODE = wholemodule;
				SWIFT_OPTIMIZATION_LEVEL = "-O";
				VALIDATE_PRODUCT = YES;
			};
			name = Release;
		};
		C9D9436927BB7CBF007EE79F /* Debug */ = {
			isa = XCBuildConfiguration;
			buildSettings = {
				ASSETCATALOG_COMPILER_APPICON_NAME = AppIcon;
				ASSETCATALOG_COMPILER_GLOBAL_ACCENT_COLOR_NAME = AccentColor;
				CODE_SIGN_STYLE = Automatic;
				CURRENT_PROJECT_VERSION = 1;
				DEVELOPMENT_TEAM = J8CB2X29B5;
				GENERATE_INFOPLIST_FILE = YES;
				INFOPLIST_FILE = Movin/Info.plist;
				INFOPLIST_KEY_UIApplicationSupportsIndirectInputEvents = YES;
				INFOPLIST_KEY_UILaunchStoryboardName = LaunchScreen;
				INFOPLIST_KEY_UIMainStoryboardFile = Main;
				INFOPLIST_KEY_UISupportedInterfaceOrientations_iPad = "UIInterfaceOrientationPortrait UIInterfaceOrientationPortraitUpsideDown UIInterfaceOrientationLandscapeLeft UIInterfaceOrientationLandscapeRight";
				INFOPLIST_KEY_UISupportedInterfaceOrientations_iPhone = "UIInterfaceOrientationPortrait UIInterfaceOrientationLandscapeLeft UIInterfaceOrientationLandscapeRight";
				LD_RUNPATH_SEARCH_PATHS = (
					"$(inherited)",
					"@executable_path/Frameworks",
				);
				MARKETING_VERSION = 1.0;
				PRODUCT_BUNDLE_IDENTIFIER = coden.Movin;
				PRODUCT_NAME = "$(TARGET_NAME)";
				SWIFT_EMIT_LOC_STRINGS = YES;
				SWIFT_VERSION = 5.0;
				TARGETED_DEVICE_FAMILY = "1,2";
			};
			name = Debug;
		};
		C9D9436A27BB7CBF007EE79F /* Release */ = {
			isa = XCBuildConfiguration;
			buildSettings = {
				ASSETCATALOG_COMPILER_APPICON_NAME = AppIcon;
				ASSETCATALOG_COMPILER_GLOBAL_ACCENT_COLOR_NAME = AccentColor;
				CODE_SIGN_STYLE = Automatic;
				CURRENT_PROJECT_VERSION = 1;
				DEVELOPMENT_TEAM = J8CB2X29B5;
				GENERATE_INFOPLIST_FILE = YES;
				INFOPLIST_FILE = Movin/Info.plist;
				INFOPLIST_KEY_UIApplicationSupportsIndirectInputEvents = YES;
				INFOPLIST_KEY_UILaunchStoryboardName = LaunchScreen;
				INFOPLIST_KEY_UIMainStoryboardFile = Main;
				INFOPLIST_KEY_UISupportedInterfaceOrientations_iPad = "UIInterfaceOrientationPortrait UIInterfaceOrientationPortraitUpsideDown UIInterfaceOrientationLandscapeLeft UIInterfaceOrientationLandscapeRight";
				INFOPLIST_KEY_UISupportedInterfaceOrientations_iPhone = "UIInterfaceOrientationPortrait UIInterfaceOrientationLandscapeLeft UIInterfaceOrientationLandscapeRight";
				LD_RUNPATH_SEARCH_PATHS = (
					"$(inherited)",
					"@executable_path/Frameworks",
				);
				MARKETING_VERSION = 1.0;
				PRODUCT_BUNDLE_IDENTIFIER = coden.Movin;
				PRODUCT_NAME = "$(TARGET_NAME)";
				SWIFT_EMIT_LOC_STRINGS = YES;
				SWIFT_VERSION = 5.0;
				TARGETED_DEVICE_FAMILY = "1,2";
			};
			name = Release;
		};
/* End XCBuildConfiguration section */

/* Begin XCConfigurationList section */
		C9D9434F27BB7CBE007EE79F /* Build configuration list for PBXProject "Movin" */ = {
			isa = XCConfigurationList;
			buildConfigurations = (
				C9D9436627BB7CBF007EE79F /* Debug */,
				C9D9436727BB7CBF007EE79F /* Release */,
			);
			defaultConfigurationIsVisible = 0;
			defaultConfigurationName = Release;
		};
		C9D9436827BB7CBF007EE79F /* Build configuration list for PBXNativeTarget "Movin" */ = {
			isa = XCConfigurationList;
			buildConfigurations = (
				C9D9436927BB7CBF007EE79F /* Debug */,
				C9D9436A27BB7CBF007EE79F /* Release */,
			);
			defaultConfigurationIsVisible = 0;
			defaultConfigurationName = Release;
		};
/* End XCConfigurationList section */
	};
	rootObject = C9D9434C27BB7CBE007EE79F /* Project object */;
}
